// !$*UTF8*$!
{
	archiveVersion = 1;
	classes = {
	};
	objectVersion = 46;
	objects = {

/* Begin PBXBuildFile section */
		E77B99FC1858E16100A26EA5 /* Foundation.framework in Frameworks */ = {isa = PBXBuildFile; fileRef = E77B99FB1858E16100A26EA5 /* Foundation.framework */; };
		E77B99FE1858E16100A26EA5 /* CoreGraphics.framework in Frameworks */ = {isa = PBXBuildFile; fileRef = E77B99FD1858E16100A26EA5 /* CoreGraphics.framework */; };
		E77B9A001858E16100A26EA5 /* UIKit.framework in Frameworks */ = {isa = PBXBuildFile; fileRef = E77B99FF1858E16100A26EA5 /* UIKit.framework */; };
		E77B9A061858E16100A26EA5 /* InfoPlist.strings in Resources */ = {isa = PBXBuildFile; fileRef = E77B9A041858E16100A26EA5 /* InfoPlist.strings */; };
		E77B9A081858E16100A26EA5 /* main.m in Sources */ = {isa = PBXBuildFile; fileRef = E77B9A071858E16100A26EA5 /* main.m */; };
		E77B9A0C1858E16100A26EA5 /* AppDelegate.m in Sources */ = {isa = PBXBuildFile; fileRef = E77B9A0B1858E16100A26EA5 /* AppDelegate.m */; };
		E77B9A0F1858E16100A26EA5 /* Main.storyboard in Resources */ = {isa = PBXBuildFile; fileRef = E77B9A0D1858E16100A26EA5 /* Main.storyboard */; };
		E77B9A121858E16100A26EA5 /* ViewController.m in Sources */ = {isa = PBXBuildFile; fileRef = E77B9A111858E16100A26EA5 /* ViewController.m */; };
		E77B9A141858E16200A26EA5 /* Images.xcassets in Resources */ = {isa = PBXBuildFile; fileRef = E77B9A131858E16200A26EA5 /* Images.xcassets */; };
		E77B9A1B1858E16200A26EA5 /* XCTest.framework in Frameworks */ = {isa = PBXBuildFile; fileRef = E77B9A1A1858E16200A26EA5 /* XCTest.framework */; };
		E77B9A1C1858E16200A26EA5 /* Foundation.framework in Frameworks */ = {isa = PBXBuildFile; fileRef = E77B99FB1858E16100A26EA5 /* Foundation.framework */; };
		E77B9A1D1858E16200A26EA5 /* UIKit.framework in Frameworks */ = {isa = PBXBuildFile; fileRef = E77B99FF1858E16100A26EA5 /* UIKit.framework */; };
		E77B9A251858E16200A26EA5 /* InfoPlist.strings in Resources */ = {isa = PBXBuildFile; fileRef = E77B9A231858E16200A26EA5 /* InfoPlist.strings */; };
		E77B9A311858E3F800A26EA5 /* PropertyTests.m in Sources */ = {isa = PBXBuildFile; fileRef = E77B9A301858E3F800A26EA5 /* PropertyTests.m */; };
		E77B9A351858E4F200A26EA5 /* Property.m in Sources */ = {isa = PBXBuildFile; fileRef = E77B9A341858E4F200A26EA5 /* Property.m */; };
		E77B9A361858E50200A26EA5 /* Property.m in Sources */ = {isa = PBXBuildFile; fileRef = E77B9A341858E4F200A26EA5 /* Property.m */; };
		E77B9A381858E9E100A26EA5 /* DaftManagerTests.m in Sources */ = {isa = PBXBuildFile; fileRef = E77B9A371858E9E100A26EA5 /* DaftManagerTests.m */; };
		E77B9A3C1858EAD400A26EA5 /* DaftManager.m in Sources */ = {isa = PBXBuildFile; fileRef = E77B9A3B1858EAD400A26EA5 /* DaftManager.m */; };
		E77B9A3D1858EAD400A26EA5 /* DaftManager.m in Sources */ = {isa = PBXBuildFile; fileRef = E77B9A3B1858EAD400A26EA5 /* DaftManager.m */; };
		E77B9A4118591BBB00A26EA5 /* MockDaftManagerDelegate.m in Sources */ = {isa = PBXBuildFile; fileRef = E77B9A4018591BBB00A26EA5 /* MockDaftManagerDelegate.m */; };
		E7F0B53A185BAE2A003BE308 /* DaftCommunicatorTests.m in Sources */ = {isa = PBXBuildFile; fileRef = E7F0B539185BAE2A003BE308 /* DaftCommunicatorTests.m */; };
		E7F0B53D185BAF84003BE308 /* MockDaftManager.m in Sources */ = {isa = PBXBuildFile; fileRef = E7F0B53C185BAF84003BE308 /* MockDaftManager.m */; };
		E7F0B546185BD0DE003BE308 /* StubURLResponse.m in Sources */ = {isa = PBXBuildFile; fileRef = E7F0B545185BD0DE003BE308 /* StubURLResponse.m */; };
		E7FE807F18591E3F00C00015 /* DaftCommunicator.m in Sources */ = {isa = PBXBuildFile; fileRef = E7FE807E18591E3F00C00015 /* DaftCommunicator.m */; };
		E7FE808018591E3F00C00015 /* DaftCommunicator.m in Sources */ = {isa = PBXBuildFile; fileRef = E7FE807E18591E3F00C00015 /* DaftCommunicator.m */; };
		E7FE808418591E8700C00015 /* MockDaftCommunicator.m in Sources */ = {isa = PBXBuildFile; fileRef = E7FE808218591E8700C00015 /* MockDaftCommunicator.m */; };
		E7FE808E185A3E2900C00015 /* ErrorCodes.m in Sources */ = {isa = PBXBuildFile; fileRef = E7FE808D185A3E2900C00015 /* ErrorCodes.m */; };
		E7FE808F185A3E2900C00015 /* ErrorCodes.m in Sources */ = {isa = PBXBuildFile; fileRef = E7FE808D185A3E2900C00015 /* ErrorCodes.m */; };
		E7FE8092185A426900C00015 /* PropertyBuilder.m in Sources */ = {isa = PBXBuildFile; fileRef = E7FE8091185A426900C00015 /* PropertyBuilder.m */; };
		E7FE8093185A426900C00015 /* PropertyBuilder.m in Sources */ = {isa = PBXBuildFile; fileRef = E7FE8091185A426900C00015 /* PropertyBuilder.m */; };
		E7FE8096185A42E400C00015 /* MockPropertyBuilder.m in Sources */ = {isa = PBXBuildFile; fileRef = E7FE8095185A42E400C00015 /* MockPropertyBuilder.m */; };
		E7FE8097185A42E400C00015 /* MockPropertyBuilder.m in Sources */ = {isa = PBXBuildFile; fileRef = E7FE8095185A42E400C00015 /* MockPropertyBuilder.m */; };
		E7FE8099185A54B600C00015 /* PropertyBuilderTests.m in Sources */ = {isa = PBXBuildFile; fileRef = E7FE8098185A54B600C00015 /* PropertyBuilderTests.m */; };
/* End PBXBuildFile section */

/* Begin PBXContainerItemProxy section */
		E77B9A1E1858E16200A26EA5 /* PBXContainerItemProxy */ = {
			isa = PBXContainerItemProxy;
			containerPortal = E77B99F01858E16100A26EA5 /* Project object */;
			proxyType = 1;
			remoteGlobalIDString = E77B99F71858E16100A26EA5;
			remoteInfo = Daft;
		};
/* End PBXContainerItemProxy section */

/* Begin PBXFileReference section */
		E77B99F81858E16100A26EA5 /* Daft.app */ = {isa = PBXFileReference; explicitFileType = wrapper.application; includeInIndex = 0; path = Daft.app; sourceTree = BUILT_PRODUCTS_DIR; };
		E77B99FB1858E16100A26EA5 /* Foundation.framework */ = {isa = PBXFileReference; lastKnownFileType = wrapper.framework; name = Foundation.framework; path = System/Library/Frameworks/Foundation.framework; sourceTree = SDKROOT; };
		E77B99FD1858E16100A26EA5 /* CoreGraphics.framework */ = {isa = PBXFileReference; lastKnownFileType = wrapper.framework; name = CoreGraphics.framework; path = System/Library/Frameworks/CoreGraphics.framework; sourceTree = SDKROOT; };
		E77B99FF1858E16100A26EA5 /* UIKit.framework */ = {isa = PBXFileReference; lastKnownFileType = wrapper.framework; name = UIKit.framework; path = System/Library/Frameworks/UIKit.framework; sourceTree = SDKROOT; };
		E77B9A031858E16100A26EA5 /* Daft-Info.plist */ = {isa = PBXFileReference; lastKnownFileType = text.plist.xml; path = "Daft-Info.plist"; sourceTree = "<group>"; };
		E77B9A051858E16100A26EA5 /* en */ = {isa = PBXFileReference; lastKnownFileType = text.plist.strings; name = en; path = en.lproj/InfoPlist.strings; sourceTree = "<group>"; };
		E77B9A071858E16100A26EA5 /* main.m */ = {isa = PBXFileReference; lastKnownFileType = sourcecode.c.objc; path = main.m; sourceTree = "<group>"; };
		E77B9A091858E16100A26EA5 /* Daft-Prefix.pch */ = {isa = PBXFileReference; lastKnownFileType = sourcecode.c.h; path = "Daft-Prefix.pch"; sourceTree = "<group>"; };
		E77B9A0A1858E16100A26EA5 /* AppDelegate.h */ = {isa = PBXFileReference; lastKnownFileType = sourcecode.c.h; path = AppDelegate.h; sourceTree = "<group>"; };
		E77B9A0B1858E16100A26EA5 /* AppDelegate.m */ = {isa = PBXFileReference; lastKnownFileType = sourcecode.c.objc; path = AppDelegate.m; sourceTree = "<group>"; };
		E77B9A0E1858E16100A26EA5 /* Base */ = {isa = PBXFileReference; lastKnownFileType = file.storyboard; name = Base; path = Base.lproj/Main.storyboard; sourceTree = "<group>"; };
		E77B9A101858E16100A26EA5 /* ViewController.h */ = {isa = PBXFileReference; lastKnownFileType = sourcecode.c.h; path = ViewController.h; sourceTree = "<group>"; };
		E77B9A111858E16100A26EA5 /* ViewController.m */ = {isa = PBXFileReference; lastKnownFileType = sourcecode.c.objc; path = ViewController.m; sourceTree = "<group>"; };
		E77B9A131858E16200A26EA5 /* Images.xcassets */ = {isa = PBXFileReference; lastKnownFileType = folder.assetcatalog; path = Images.xcassets; sourceTree = "<group>"; };
		E77B9A191858E16200A26EA5 /* DaftTests.xctest */ = {isa = PBXFileReference; explicitFileType = wrapper.cfbundle; includeInIndex = 0; path = DaftTests.xctest; sourceTree = BUILT_PRODUCTS_DIR; };
		E77B9A1A1858E16200A26EA5 /* XCTest.framework */ = {isa = PBXFileReference; lastKnownFileType = wrapper.framework; name = XCTest.framework; path = Library/Frameworks/XCTest.framework; sourceTree = DEVELOPER_DIR; };
		E77B9A221858E16200A26EA5 /* DaftTests-Info.plist */ = {isa = PBXFileReference; lastKnownFileType = text.plist.xml; path = "DaftTests-Info.plist"; sourceTree = "<group>"; };
		E77B9A241858E16200A26EA5 /* en */ = {isa = PBXFileReference; lastKnownFileType = text.plist.strings; name = en; path = en.lproj/InfoPlist.strings; sourceTree = "<group>"; };
		E77B9A301858E3F800A26EA5 /* PropertyTests.m */ = {isa = PBXFileReference; fileEncoding = 4; lastKnownFileType = sourcecode.c.objc; path = PropertyTests.m; sourceTree = "<group>"; };
		E77B9A331858E4F200A26EA5 /* Property.h */ = {isa = PBXFileReference; fileEncoding = 4; lastKnownFileType = sourcecode.c.h; path = Property.h; sourceTree = "<group>"; };
		E77B9A341858E4F200A26EA5 /* Property.m */ = {isa = PBXFileReference; fileEncoding = 4; lastKnownFileType = sourcecode.c.objc; path = Property.m; sourceTree = "<group>"; };
		E77B9A371858E9E100A26EA5 /* DaftManagerTests.m */ = {isa = PBXFileReference; fileEncoding = 4; lastKnownFileType = sourcecode.c.objc; path = DaftManagerTests.m; sourceTree = "<group>"; };
		E77B9A3A1858EAD400A26EA5 /* DaftManager.h */ = {isa = PBXFileReference; fileEncoding = 4; lastKnownFileType = sourcecode.c.h; path = DaftManager.h; sourceTree = "<group>"; };
		E77B9A3B1858EAD400A26EA5 /* DaftManager.m */ = {isa = PBXFileReference; fileEncoding = 4; lastKnownFileType = sourcecode.c.objc; path = DaftManager.m; sourceTree = "<group>"; };
		E77B9A3F18591BBB00A26EA5 /* MockDaftManagerDelegate.h */ = {isa = PBXFileReference; fileEncoding = 4; lastKnownFileType = sourcecode.c.h; path = MockDaftManagerDelegate.h; sourceTree = "<group>"; };
		E77B9A4018591BBB00A26EA5 /* MockDaftManagerDelegate.m */ = {isa = PBXFileReference; fileEncoding = 4; lastKnownFileType = sourcecode.c.objc; path = MockDaftManagerDelegate.m; sourceTree = "<group>"; };
		E7F0B539185BAE2A003BE308 /* DaftCommunicatorTests.m */ = {isa = PBXFileReference; fileEncoding = 4; lastKnownFileType = sourcecode.c.objc; path = DaftCommunicatorTests.m; sourceTree = "<group>"; };
		E7F0B53B185BAF84003BE308 /* MockDaftManager.h */ = {isa = PBXFileReference; fileEncoding = 4; lastKnownFileType = sourcecode.c.h; path = MockDaftManager.h; sourceTree = "<group>"; };
		E7F0B53C185BAF84003BE308 /* MockDaftManager.m */ = {isa = PBXFileReference; fileEncoding = 4; lastKnownFileType = sourcecode.c.objc; path = MockDaftManager.m; sourceTree = "<group>"; };
		E7F0B544185BD0DE003BE308 /* StubURLResponse.h */ = {isa = PBXFileReference; fileEncoding = 4; lastKnownFileType = sourcecode.c.h; path = StubURLResponse.h; sourceTree = "<group>"; };
		E7F0B545185BD0DE003BE308 /* StubURLResponse.m */ = {isa = PBXFileReference; fileEncoding = 4; lastKnownFileType = sourcecode.c.objc; path = StubURLResponse.m; sourceTree = "<group>"; };
		E7FE807D18591E3F00C00015 /* DaftCommunicator.h */ = {isa = PBXFileReference; fileEncoding = 4; lastKnownFileType = sourcecode.c.h; path = DaftCommunicator.h; sourceTree = "<group>"; };
		E7FE807E18591E3F00C00015 /* DaftCommunicator.m */ = {isa = PBXFileReference; fileEncoding = 4; lastKnownFileType = sourcecode.c.objc; path = DaftCommunicator.m; sourceTree = "<group>"; };
		E7FE808118591E8700C00015 /* MockDaftCommunicator.h */ = {isa = PBXFileReference; fileEncoding = 4; lastKnownFileType = sourcecode.c.h; path = MockDaftCommunicator.h; sourceTree = "<group>"; };
		E7FE808218591E8700C00015 /* MockDaftCommunicator.m */ = {isa = PBXFileReference; fileEncoding = 4; lastKnownFileType = sourcecode.c.objc; path = MockDaftCommunicator.m; sourceTree = "<group>"; };
		E7FE808C185A3E2900C00015 /* ErrorCodes.h */ = {isa = PBXFileReference; fileEncoding = 4; lastKnownFileType = sourcecode.c.h; path = ErrorCodes.h; sourceTree = "<group>"; };
		E7FE808D185A3E2900C00015 /* ErrorCodes.m */ = {isa = PBXFileReference; fileEncoding = 4; lastKnownFileType = sourcecode.c.objc; path = ErrorCodes.m; sourceTree = "<group>"; };
		E7FE8090185A426900C00015 /* PropertyBuilder.h */ = {isa = PBXFileReference; fileEncoding = 4; lastKnownFileType = sourcecode.c.h; path = PropertyBuilder.h; sourceTree = "<group>"; };
		E7FE8091185A426900C00015 /* PropertyBuilder.m */ = {isa = PBXFileReference; fileEncoding = 4; lastKnownFileType = sourcecode.c.objc; path = PropertyBuilder.m; sourceTree = "<group>"; };
		E7FE8094185A42E400C00015 /* MockPropertyBuilder.h */ = {isa = PBXFileReference; fileEncoding = 4; lastKnownFileType = sourcecode.c.h; path = MockPropertyBuilder.h; sourceTree = "<group>"; };
		E7FE8095185A42E400C00015 /* MockPropertyBuilder.m */ = {isa = PBXFileReference; fileEncoding = 4; lastKnownFileType = sourcecode.c.objc; path = MockPropertyBuilder.m; sourceTree = "<group>"; };
		E7FE8098185A54B600C00015 /* PropertyBuilderTests.m */ = {isa = PBXFileReference; fileEncoding = 4; lastKnownFileType = sourcecode.c.objc; path = PropertyBuilderTests.m; sourceTree = "<group>"; };
/* End PBXFileReference section */

/* Begin PBXFrameworksBuildPhase section */
		E77B99F51858E16100A26EA5 /* Frameworks */ = {
			isa = PBXFrameworksBuildPhase;
			buildActionMask = 2147483647;
			files = (
				E77B99FE1858E16100A26EA5 /* CoreGraphics.framework in Frameworks */,
				E77B9A001858E16100A26EA5 /* UIKit.framework in Frameworks */,
				E77B99FC1858E16100A26EA5 /* Foundation.framework in Frameworks */,
			);
			runOnlyForDeploymentPostprocessing = 0;
		};
		E77B9A161858E16200A26EA5 /* Frameworks */ = {
			isa = PBXFrameworksBuildPhase;
			buildActionMask = 2147483647;
			files = (
				E77B9A1B1858E16200A26EA5 /* XCTest.framework in Frameworks */,
				E77B9A1D1858E16200A26EA5 /* UIKit.framework in Frameworks */,
				E77B9A1C1858E16200A26EA5 /* Foundation.framework in Frameworks */,
			);
			runOnlyForDeploymentPostprocessing = 0;
		};
/* End PBXFrameworksBuildPhase section */

/* Begin PBXGroup section */
		E77B99EF1858E16100A26EA5 = {
			isa = PBXGroup;
			children = (
				E77B9A011858E16100A26EA5 /* Daft */,
				E77B9A201858E16200A26EA5 /* DaftTests */,
				E77B99FA1858E16100A26EA5 /* Frameworks */,
				E77B99F91858E16100A26EA5 /* Products */,
			);
			sourceTree = "<group>";
		};
		E77B99F91858E16100A26EA5 /* Products */ = {
			isa = PBXGroup;
			children = (
				E77B99F81858E16100A26EA5 /* Daft.app */,
				E77B9A191858E16200A26EA5 /* DaftTests.xctest */,
			);
			name = Products;
			sourceTree = "<group>";
		};
		E77B99FA1858E16100A26EA5 /* Frameworks */ = {
			isa = PBXGroup;
			children = (
				E77B99FB1858E16100A26EA5 /* Foundation.framework */,
				E77B99FD1858E16100A26EA5 /* CoreGraphics.framework */,
				E77B99FF1858E16100A26EA5 /* UIKit.framework */,
				E77B9A1A1858E16200A26EA5 /* XCTest.framework */,
			);
			name = Frameworks;
			sourceTree = "<group>";
		};
		E77B9A011858E16100A26EA5 /* Daft */ = {
			isa = PBXGroup;
			children = (
				E77B9A391858EABA00A26EA5 /* Network */,
				E77B9A321858E4E000A26EA5 /* Models */,
				E77B9A0A1858E16100A26EA5 /* AppDelegate.h */,
				E77B9A0B1858E16100A26EA5 /* AppDelegate.m */,
				E77B9A0D1858E16100A26EA5 /* Main.storyboard */,
				E77B9A101858E16100A26EA5 /* ViewController.h */,
				E77B9A111858E16100A26EA5 /* ViewController.m */,
				E7FE808C185A3E2900C00015 /* ErrorCodes.h */,
				E7FE808D185A3E2900C00015 /* ErrorCodes.m */,
				E77B9A131858E16200A26EA5 /* Images.xcassets */,
				E77B9A021858E16100A26EA5 /* Supporting Files */,
			);
			path = Daft;
			sourceTree = "<group>";
		};
		E77B9A021858E16100A26EA5 /* Supporting Files */ = {
			isa = PBXGroup;
			children = (
				E77B9A031858E16100A26EA5 /* Daft-Info.plist */,
				E77B9A041858E16100A26EA5 /* InfoPlist.strings */,
				E77B9A071858E16100A26EA5 /* main.m */,
				E77B9A091858E16100A26EA5 /* Daft-Prefix.pch */,
			);
			name = "Supporting Files";
			sourceTree = "<group>";
		};
		E77B9A201858E16200A26EA5 /* DaftTests */ = {
			isa = PBXGroup;
			children = (
				E77B9A3E18591B7600A26EA5 /* Mock Objects */,
				E77B9A301858E3F800A26EA5 /* PropertyTests.m */,
				E77B9A371858E9E100A26EA5 /* DaftManagerTests.m */,
				E7FE8098185A54B600C00015 /* PropertyBuilderTests.m */,
				E7F0B539185BAE2A003BE308 /* DaftCommunicatorTests.m */,
				E77B9A211858E16200A26EA5 /* Supporting Files */,
			);
			path = DaftTests;
			sourceTree = "<group>";
		};
		E77B9A211858E16200A26EA5 /* Supporting Files */ = {
			isa = PBXGroup;
			children = (
				E77B9A221858E16200A26EA5 /* DaftTests-Info.plist */,
				E77B9A231858E16200A26EA5 /* InfoPlist.strings */,
			);
			name = "Supporting Files";
			sourceTree = "<group>";
		};
		E77B9A321858E4E000A26EA5 /* Models */ = {
			isa = PBXGroup;
			children = (
				E77B9A331858E4F200A26EA5 /* Property.h */,
				E77B9A341858E4F200A26EA5 /* Property.m */,
				E7FE8090185A426900C00015 /* PropertyBuilder.h */,
				E7FE8091185A426900C00015 /* PropertyBuilder.m */,
			);
			name = Models;
			sourceTree = "<group>";
		};
		E77B9A391858EABA00A26EA5 /* Network */ = {
			isa = PBXGroup;
			children = (
				E77B9A3A1858EAD400A26EA5 /* DaftManager.h */,
				E77B9A3B1858EAD400A26EA5 /* DaftManager.m */,
				E7FE807D18591E3F00C00015 /* DaftCommunicator.h */,
				E7FE807E18591E3F00C00015 /* DaftCommunicator.m */,
			);
			name = Network;
			sourceTree = "<group>";
		};
		E77B9A3E18591B7600A26EA5 /* Mock Objects */ = {
			isa = PBXGroup;
			children = (
				E77B9A3F18591BBB00A26EA5 /* MockDaftManagerDelegate.h */,
				E77B9A4018591BBB00A26EA5 /* MockDaftManagerDelegate.m */,
				E7F0B53B185BAF84003BE308 /* MockDaftManager.h */,
				E7F0B53C185BAF84003BE308 /* MockDaftManager.m */,
				E7FE808118591E8700C00015 /* MockDaftCommunicator.h */,
				E7FE808218591E8700C00015 /* MockDaftCommunicator.m */,
				E7FE8094185A42E400C00015 /* MockPropertyBuilder.h */,
				E7FE8095185A42E400C00015 /* MockPropertyBuilder.m */,
				E7F0B544185BD0DE003BE308 /* StubURLResponse.h */,
				E7F0B545185BD0DE003BE308 /* StubURLResponse.m */,
			);
			name = "Mock Objects";
			sourceTree = "<group>";
		};
/* End PBXGroup section */

/* Begin PBXNativeTarget section */
		E77B99F71858E16100A26EA5 /* Daft */ = {
			isa = PBXNativeTarget;
			buildConfigurationList = E77B9A2A1858E16200A26EA5 /* Build configuration list for PBXNativeTarget "Daft" */;
			buildPhases = (
				E77B99F41858E16100A26EA5 /* Sources */,
				E77B99F51858E16100A26EA5 /* Frameworks */,
				E77B99F61858E16100A26EA5 /* Resources */,
			);
			buildRules = (
			);
			dependencies = (
			);
			name = Daft;
			productName = Daft;
			productReference = E77B99F81858E16100A26EA5 /* Daft.app */;
			productType = "com.apple.product-type.application";
		};
		E77B9A181858E16200A26EA5 /* DaftTests */ = {
			isa = PBXNativeTarget;
			buildConfigurationList = E77B9A2D1858E16200A26EA5 /* Build configuration list for PBXNativeTarget "DaftTests" */;
			buildPhases = (
				E77B9A151858E16200A26EA5 /* Sources */,
				E77B9A161858E16200A26EA5 /* Frameworks */,
				E77B9A171858E16200A26EA5 /* Resources */,
			);
			buildRules = (
			);
			dependencies = (
				E77B9A1F1858E16200A26EA5 /* PBXTargetDependency */,
			);
			name = DaftTests;
			productName = DaftTests;
			productReference = E77B9A191858E16200A26EA5 /* DaftTests.xctest */;
			productType = "com.apple.product-type.bundle.unit-test";
		};
/* End PBXNativeTarget section */

/* Begin PBXProject section */
		E77B99F01858E16100A26EA5 /* Project object */ = {
			isa = PBXProject;
			attributes = {
				LastUpgradeCheck = 0500;
				ORGANIZATIONNAME = Alan;
				TargetAttributes = {
					E77B9A181858E16200A26EA5 = {
						TestTargetID = E77B99F71858E16100A26EA5;
					};
				};
			};
			buildConfigurationList = E77B99F31858E16100A26EA5 /* Build configuration list for PBXProject "Daft" */;
			compatibilityVersion = "Xcode 3.2";
			developmentRegion = English;
			hasScannedForEncodings = 0;
			knownRegions = (
				en,
				Base,
			);
			mainGroup = E77B99EF1858E16100A26EA5;
			productRefGroup = E77B99F91858E16100A26EA5 /* Products */;
			projectDirPath = "";
			projectRoot = "";
			targets = (
				E77B99F71858E16100A26EA5 /* Daft */,
				E77B9A181858E16200A26EA5 /* DaftTests */,
			);
		};
/* End PBXProject section */

/* Begin PBXResourcesBuildPhase section */
		E77B99F61858E16100A26EA5 /* Resources */ = {
			isa = PBXResourcesBuildPhase;
			buildActionMask = 2147483647;
			files = (
				E77B9A141858E16200A26EA5 /* Images.xcassets in Resources */,
				E77B9A061858E16100A26EA5 /* InfoPlist.strings in Resources */,
				E77B9A0F1858E16100A26EA5 /* Main.storyboard in Resources */,
			);
			runOnlyForDeploymentPostprocessing = 0;
		};
		E77B9A171858E16200A26EA5 /* Resources */ = {
			isa = PBXResourcesBuildPhase;
			buildActionMask = 2147483647;
			files = (
				E77B9A251858E16200A26EA5 /* InfoPlist.strings in Resources */,
			);
			runOnlyForDeploymentPostprocessing = 0;
		};
/* End PBXResourcesBuildPhase section */

/* Begin PBXSourcesBuildPhase section */
		E77B99F41858E16100A26EA5 /* Sources */ = {
			isa = PBXSourcesBuildPhase;
			buildActionMask = 2147483647;
			files = (
				E7FE8092185A426900C00015 /* PropertyBuilder.m in Sources */,
				E7FE808E185A3E2900C00015 /* ErrorCodes.m in Sources */,
				E77B9A121858E16100A26EA5 /* ViewController.m in Sources */,
				E7FE807F18591E3F00C00015 /* DaftCommunicator.m in Sources */,
				E77B9A0C1858E16100A26EA5 /* AppDelegate.m in Sources */,
				E7FE8096185A42E400C00015 /* MockPropertyBuilder.m in Sources */,
				E77B9A3C1858EAD400A26EA5 /* DaftManager.m in Sources */,
				E77B9A351858E4F200A26EA5 /* Property.m in Sources */,
				E77B9A081858E16100A26EA5 /* main.m in Sources */,
			);
			runOnlyForDeploymentPostprocessing = 0;
		};
		E77B9A151858E16200A26EA5 /* Sources */ = {
			isa = PBXSourcesBuildPhase;
			buildActionMask = 2147483647;
			files = (
				E7F0B53D185BAF84003BE308 /* MockDaftManager.m in Sources */,
				E77B9A361858E50200A26EA5 /* Property.m in Sources */,
				E7FE808018591E3F00C00015 /* DaftCommunicator.m in Sources */,
				E7FE8097185A42E400C00015 /* MockPropertyBuilder.m in Sources */,
				E77B9A381858E9E100A26EA5 /* DaftManagerTests.m in Sources */,
				E7FE8099185A54B600C00015 /* PropertyBuilderTests.m in Sources */,
				E7F0B53A185BAE2A003BE308 /* DaftCommunicatorTests.m in Sources */,
				E77B9A4118591BBB00A26EA5 /* MockDaftManagerDelegate.m in Sources */,
				E77B9A3D1858EAD400A26EA5 /* DaftManager.m in Sources */,
				E7F0B546185BD0DE003BE308 /* StubURLResponse.m in Sources */,
				E7FE808418591E8700C00015 /* MockDaftCommunicator.m in Sources */,
				E77B9A311858E3F800A26EA5 /* PropertyTests.m in Sources */,
				E7FE8093185A426900C00015 /* PropertyBuilder.m in Sources */,
				E7FE808F185A3E2900C00015 /* ErrorCodes.m in Sources */,
			);
			runOnlyForDeploymentPostprocessing = 0;
		};
/* End PBXSourcesBuildPhase section */

/* Begin PBXTargetDependency section */
		E77B9A1F1858E16200A26EA5 /* PBXTargetDependency */ = {
			isa = PBXTargetDependency;
			target = E77B99F71858E16100A26EA5 /* Daft */;
			targetProxy = E77B9A1E1858E16200A26EA5 /* PBXContainerItemProxy */;
		};
/* End PBXTargetDependency section */

/* Begin PBXVariantGroup section */
		E77B9A041858E16100A26EA5 /* InfoPlist.strings */ = {
			isa = PBXVariantGroup;
			children = (
				E77B9A051858E16100A26EA5 /* en */,
			);
			name = InfoPlist.strings;
			sourceTree = "<group>";
		};
		E77B9A0D1858E16100A26EA5 /* Main.storyboard */ = {
			isa = PBXVariantGroup;
			children = (
				E77B9A0E1858E16100A26EA5 /* Base */,
			);
			name = Main.storyboard;
			sourceTree = "<group>";
		};
		E77B9A231858E16200A26EA5 /* InfoPlist.strings */ = {
			isa = PBXVariantGroup;
			children = (
				E77B9A241858E16200A26EA5 /* en */,
			);
			name = InfoPlist.strings;
			sourceTree = "<group>";
		};
/* End PBXVariantGroup section */

/* Begin XCBuildConfiguration section */
		E77B9A281858E16200A26EA5 /* Debug */ = {
			isa = XCBuildConfiguration;
			buildSettings = {
				ALWAYS_SEARCH_USER_PATHS = NO;
				ARCHS = "$(ARCHS_STANDARD)";
				CLANG_CXX_LANGUAGE_STANDARD = "gnu++0x";
				CLANG_CXX_LIBRARY = "libc++";
				CLANG_ENABLE_MODULES = YES;
				CLANG_ENABLE_OBJC_ARC = YES;
				CLANG_WARN_BOOL_CONVERSION = YES;
				CLANG_WARN_CONSTANT_CONVERSION = YES;
				CLANG_WARN_DIRECT_OBJC_ISA_USAGE = YES_ERROR;
				CLANG_WARN_EMPTY_BODY = YES;
				CLANG_WARN_ENUM_CONVERSION = YES;
				CLANG_WARN_INT_CONVERSION = YES;
				CLANG_WARN_OBJC_ROOT_CLASS = YES_ERROR;
				CLANG_WARN__DUPLICATE_METHOD_MATCH = YES;
				"CODE_SIGN_IDENTITY[sdk=iphoneos*]" = "iPhone Developer";
				COPY_PHASE_STRIP = NO;
				GCC_C_LANGUAGE_STANDARD = gnu99;
				GCC_DYNAMIC_NO_PIC = NO;
				GCC_OPTIMIZATION_LEVEL = 0;
				GCC_PREPROCESSOR_DEFINITIONS = (
					"DEBUG=1",
					"$(inherited)",
				);
				GCC_SYMBOLS_PRIVATE_EXTERN = NO;
				GCC_WARN_64_TO_32_BIT_CONVERSION = YES;
				GCC_WARN_ABOUT_RETURN_TYPE = YES_ERROR;
				GCC_WARN_UNDECLARED_SELECTOR = YES;
				GCC_WARN_UNINITIALIZED_AUTOS = YES;
				GCC_WARN_UNUSED_FUNCTION = YES;
				GCC_WARN_UNUSED_VARIABLE = YES;
				IPHONEOS_DEPLOYMENT_TARGET = 5.0;
				ONLY_ACTIVE_ARCH = YES;
				SDKROOT = iphoneos;
			};
			name = Debug;
		};
		E77B9A291858E16200A26EA5 /* Release */ = {
			isa = XCBuildConfiguration;
			buildSettings = {
				ALWAYS_SEARCH_USER_PATHS = NO;
				ARCHS = "$(ARCHS_STANDARD)";
				CLANG_CXX_LANGUAGE_STANDARD = "gnu++0x";
				CLANG_CXX_LIBRARY = "libc++";
				CLANG_ENABLE_MODULES = YES;
				CLANG_ENABLE_OBJC_ARC = YES;
				CLANG_WARN_BOOL_CONVERSION = YES;
				CLANG_WARN_CONSTANT_CONVERSION = YES;
				CLANG_WARN_DIRECT_OBJC_ISA_USAGE = YES_ERROR;
				CLANG_WARN_EMPTY_BODY = YES;
				CLANG_WARN_ENUM_CONVERSION = YES;
				CLANG_WARN_INT_CONVERSION = YES;
				CLANG_WARN_OBJC_ROOT_CLASS = YES_ERROR;
				CLANG_WARN__DUPLICATE_METHOD_MATCH = YES;
				"CODE_SIGN_IDENTITY[sdk=iphoneos*]" = "iPhone Developer";
				COPY_PHASE_STRIP = YES;
				ENABLE_NS_ASSERTIONS = NO;
				GCC_C_LANGUAGE_STANDARD = gnu99;
				GCC_WARN_64_TO_32_BIT_CONVERSION = YES;
				GCC_WARN_ABOUT_RETURN_TYPE = YES_ERROR;
				GCC_WARN_UNDECLARED_SELECTOR = YES;
				GCC_WARN_UNINITIALIZED_AUTOS = YES;
				GCC_WARN_UNUSED_FUNCTION = YES;
				GCC_WARN_UNUSED_VARIABLE = YES;
				IPHONEOS_DEPLOYMENT_TARGET = 5.0;
				SDKROOT = iphoneos;
				VALIDATE_PRODUCT = YES;
			};
			name = Release;
		};
		E77B9A2B1858E16200A26EA5 /* Debug */ = {
			isa = XCBuildConfiguration;
			buildSettings = {
				ARCHS = "$(ARCHS_STANDARD)";
				ASSETCATALOG_COMPILER_APPICON_NAME = AppIcon;
				ASSETCATALOG_COMPILER_LAUNCHIMAGE_NAME = LaunchImage;
				GCC_PRECOMPILE_PREFIX_HEADER = YES;
				GCC_PREFIX_HEADER = "Daft/Daft-Prefix.pch";
				INFOPLIST_FILE = "Daft/Daft-Info.plist";
				IPHONEOS_DEPLOYMENT_TARGET = 5.0;
				PRODUCT_NAME = "$(TARGET_NAME)";
				WRAPPER_EXTENSION = app;
			};
			name = Debug;
		};
		E77B9A2C1858E16200A26EA5 /* Release */ = {
			isa = XCBuildConfiguration;
			buildSettings = {
				ARCHS = "$(ARCHS_STANDARD)";
				ASSETCATALOG_COMPILER_APPICON_NAME = AppIcon;
				ASSETCATALOG_COMPILER_LAUNCHIMAGE_NAME = LaunchImage;
				GCC_PRECOMPILE_PREFIX_HEADER = YES;
				GCC_PREFIX_HEADER = "Daft/Daft-Prefix.pch";
				INFOPLIST_FILE = "Daft/Daft-Info.plist";
				IPHONEOS_DEPLOYMENT_TARGET = 5.0;
				PRODUCT_NAME = "$(TARGET_NAME)";
				WRAPPER_EXTENSION = app;
			};
			name = Release;
		};
		E77B9A2E1858E16200A26EA5 /* Debug */ = {
			isa = XCBuildConfiguration;
			buildSettings = {
				ARCHS = "$(ARCHS_STANDARD)";
				BUNDLE_LOADER = "$(BUILT_PRODUCTS_DIR)/Daft.app/Daft";
				FRAMEWORK_SEARCH_PATHS = (
					"$(SDKROOT)/Developer/Library/Frameworks",
					"$(inherited)",
					"$(DEVELOPER_FRAMEWORKS_DIR)",
				);
				GCC_PRECOMPILE_PREFIX_HEADER = YES;
				GCC_PREFIX_HEADER = "Daft/Daft-Prefix.pch";
				GCC_PREPROCESSOR_DEFINITIONS = (
					"DEBUG=1",
					"$(inherited)",
				);
				INFOPLIST_FILE = "DaftTests/DaftTests-Info.plist";
				PRODUCT_NAME = "$(TARGET_NAME)";
				TEST_HOST = "$(BUNDLE_LOADER)";
				WRAPPER_EXTENSION = xctest;
			};
			name = Debug;
		};
		E77B9A2F1858E16200A26EA5 /* Release */ = {
			isa = XCBuildConfiguration;
			buildSettings = {
				ARCHS = "$(ARCHS_STANDARD)";
				BUNDLE_LOADER = "$(BUILT_PRODUCTS_DIR)/Daft.app/Daft";
				FRAMEWORK_SEARCH_PATHS = (
					"$(SDKROOT)/Developer/Library/Frameworks",
					"$(inherited)",
					"$(DEVELOPER_FRAMEWORKS_DIR)",
				);
				GCC_PRECOMPILE_PREFIX_HEADER = YES;
				GCC_PREFIX_HEADER = "Daft/Daft-Prefix.pch";
				INFOPLIST_FILE = "DaftTests/DaftTests-Info.plist";
				PRODUCT_NAME = "$(TARGET_NAME)";
				TEST_HOST = "$(BUNDLE_LOADER)";
				WRAPPER_EXTENSION = xctest;
			};
			name = Release;
		};
/* End XCBuildConfiguration section */

/* Begin XCConfigurationList section */
		E77B99F31858E16100A26EA5 /* Build configuration list for PBXProject "Daft" */ = {
			isa = XCConfigurationList;
			buildConfigurations = (
				E77B9A281858E16200A26EA5 /* Debug */,
				E77B9A291858E16200A26EA5 /* Release */,
			);
			defaultConfigurationIsVisible = 0;
			defaultConfigurationName = Release;
		};
		E77B9A2A1858E16200A26EA5 /* Build configuration list for PBXNativeTarget "Daft" */ = {
			isa = XCConfigurationList;
			buildConfigurations = (
				E77B9A2B1858E16200A26EA5 /* Debug */,
				E77B9A2C1858E16200A26EA5 /* Release */,
			);
			defaultConfigurationIsVisible = 0;
			defaultConfigurationName = Release;
		};
		E77B9A2D1858E16200A26EA5 /* Build configuration list for PBXNativeTarget "DaftTests" */ = {
			isa = XCConfigurationList;
			buildConfigurations = (
				E77B9A2E1858E16200A26EA5 /* Debug */,
				E77B9A2F1858E16200A26EA5 /* Release */,
			);
			defaultConfigurationIsVisible = 0;
			defaultConfigurationName = Release;
		};
/* End XCConfigurationList section */
	};
	rootObject = E77B99F01858E16100A26EA5 /* Project object */;
}
